
Microsoft Visual Studio Solution File, Format Version 12.00
# Visual Studio Version 17
VisualStudioVersion = 17.12.35506.116
MinimumVisualStudioVersion = 10.0.40219.1
Project("{FAE04EC0-301F-11D3-BF4B-00C04F79EFBC}") = "SharedModels", "SharedModels\SharedModels.csproj", "{85DF4F39-8742-4776-B1F1-FE9B2C568642}"
EndProject
Project("{FAE04EC0-301F-11D3-BF4B-00C04F79EFBC}") = "BarApi", "BarApi\BarApi.csproj", "{C5A22BC8-D523-40BA-8B34-ECDB8F570938}"
EndProject
Project("{FAE04EC0-301F-11D3-BF4B-00C04F79EFBC}") = "DatabaseProyect", "DatabaseProyect\DatabaseProyect.csproj", "{C99FF686-A347-4D76-957F-5F03D957006B}"
EndProject
Project("{FAE04EC0-301F-11D3-BF4B-00C04F79EFBC}") = "FormularioApp", "FormularioApp\FormularioApp.csproj", "{1EA0CA52-171A-4571-A2C1-B29925CE0132}"
EndProject
Global
	GlobalSection(SolutionConfigurationPlatforms) = preSolution
		Debug|Any CPU = Debug|Any CPU
		Release|Any CPU = Release|Any CPU
	EndGlobalSection
	GlobalSection(ProjectConfigurationPlatforms) = postSolution
		{85DF4F39-8742-4776-B1F1-FE9B2C568642}.Debug|Any CPU.ActiveCfg = Debug|Any CPU
		{85DF4F39-8742-4776-B1F1-FE9B2C568642}.Debug|Any CPU.Build.0 = Debug|Any CPU
		{85DF4F39-8742-4776-B1F1-FE9B2C568642}.Release|Any CPU.ActiveCfg = Release|Any CPU
		{85DF4F39-8742-4776-B1F1-FE9B2C568642}.Release|Any CPU.Build.0 = Release|Any CPU
		{C5A22BC8-D523-40BA-8B34-ECDB8F570938}.Debug|Any CPU.ActiveCfg = Debug|Any CPU
		{C5A22BC8-D523-40BA-8B34-ECDB8F570938}.Debug|Any CPU.Build.0 = Debug|Any CPU
		{C5A22BC8-D523-40BA-8B34-ECDB8F570938}.Release|Any CPU.ActiveCfg = Release|Any CPU
		{C5A22BC8-D523-40BA-8B34-ECDB8F570938}.Release|Any CPU.Build.0 = Release|Any CPU
		{C99FF686-A347-4D76-957F-5F03D957006B}.Debug|Any CPU.ActiveCfg = Debug|Any CPU
		{C99FF686-A347-4D76-957F-5F03D957006B}.Debug|Any CPU.Build.0 = Debug|Any CPU
		{C99FF686-A347-4D76-957F-5F03D957006B}.Release|Any CPU.ActiveCfg = Release|Any CPU
		{C99FF686-A347-4D76-957F-5F03D957006B}.Release|Any CPU.Build.0 = Release|Any CPU
		{1EA0CA52-171A-4571-A2C1-B29925CE0132}.Debug|Any CPU.ActiveCfg = Debug|Any CPU
		{1EA0CA52-171A-4571-A2C1-B29925CE0132}.Debug|Any CPU.Build.0 = Debug|Any CPU
		{1EA0CA52-171A-4571-A2C1-B29925CE0132}.Release|Any CPU.ActiveCfg = Release|Any CPU
		{1EA0CA52-171A-4571-A2C1-B29925CE0132}.Release|Any CPU.Build.0 = Release|Any CPU
	EndGlobalSection
	GlobalSection(SolutionProperties) = preSolution
		HideSolutionNode = FALSE
	EndGlobalSection
EndGlobal
